
Microsoft Visual Studio Solution File, Format Version 12.00
# Visual Studio Version 17
VisualStudioVersion = 17.11.35327.3
MinimumVisualStudioVersion = 10.0.40219.1
Project("{8BC9CEB8-8B4A-11D0-8D11-00A0C91BC942}") = "fc_input", "fc_input\fc_input.vcxproj", "{08B3F2C0-E5AA-4F86-B45A-4494F4C299DB}"
EndProject
Global
	GlobalSection(SolutionConfigurationPlatforms) = preSolution
		Debug|x64 = Debug|x64
		Debug|x86 = Debug|x86
		Release|x64 = Release|x64
		Release|x86 = Release|x86
	EndGlobalSection
	GlobalSection(ProjectConfigurationPlatforms) = postSolution
		{08B3F2C0-E5AA-4F86-B45A-4494F4C299DB}.Debug|x64.ActiveCfg = Debug|x64
		{08B3F2C0-E5AA-4F86-B45A-4494F4C299DB}.Debug|x64.Build.0 = Debug|x64
		{08B3F2C0-E5AA-4F86-B45A-4494F4C299DB}.Debug|x86.ActiveCfg = Debug|Win32
		{08B3F2C0-E5AA-4F86-B45A-4494F4C299DB}.Debug|x86.Build.0 = Debug|Win32
		{08B3F2C0-E5AA-4F86-B45A-4494F4C299DB}.Release|x64.ActiveCfg = Release|x64
		{08B3F2C0-E5AA-4F86-B45A-4494F4C299DB}.Release|x64.Build.0 = Release|x64
		{08B3F2C0-E5AA-4F86-B45A-4494F4C299DB}.Release|x86.ActiveCfg = Release|Win32
		{08B3F2C0-E5AA-4F86-B45A-4494F4C299DB}.Release|x86.Build.0 = Release|Win32
	EndGlobalSection
	GlobalSection(SolutionProperties) = preSolution
		HideSolutionNode = FALSE
	EndGlobalSection
	GlobalSection(ExtensibilityGlobals) = postSolution
		SolutionGuid = {2FA80A9F-1CDD-4CBF-95B2-23CAA3E86F33}
	EndGlobalSection
EndGlobal
