<?xml version="1.0" encoding="utf-8"?>
<Project ToolsVersion="4.0" xmlns="http://schemas.microsoft.com/developer/msbuild/2003">
  <ItemGroup>
    <Filter Include="源文件">
      <UniqueIdentifier>{4FC737F1-C7A5-4376-A066-2A32D752A2FF}</UniqueIdentifier>
      <Extensions>cpp;c;cc;cxx;c++;cppm;ixx;def;odl;idl;hpj;bat;asm;asmx</Extensions>
    </Filter>
    <Filter Include="头文件">
      <UniqueIdentifier>{93995380-89BD-4b04-88EB-625FBE52EBFB}</UniqueIdentifier>
      <Extensions>h;hh;hpp;hxx;h++;hm;inl;inc;ipp;xsd</Extensions>
    </Filter>
    <Filter Include="资源文件">
      <UniqueIdentifier>{67DA6AB6-F800-4c08-8B7A-83BB121AAD01}</UniqueIdentifier>
      <Extensions>rc;ico;cur;bmp;dlg;rc2;rct;bin;rgs;gif;jpg;jpeg;jpe;resx;tiff;tif;png;wav;mfcribbon-ms</Extensions>
    </Filter>
    <Filter Include="FuzzyControl">
      <UniqueIdentifier>{bd3d76ba-a0b6-43a9-9d35-143fcc0ab813}</UniqueIdentifier>
    </Filter>
    <Filter Include="FuzzyControl\core">
      <UniqueIdentifier>{8171ae49-8325-4fdc-893e-a3330d8e15f8}</UniqueIdentifier>
    </Filter>
    <Filter Include="FuzzyControl\core\源文件">
      <UniqueIdentifier>{ab0fb759-f40f-47a7-a5d3-c4229ae8d038}</UniqueIdentifier>
    </Filter>
    <Filter Include="FuzzyControl\core\头文件">
      <UniqueIdentifier>{e1703937-1721-4559-bea7-bd7e7dece203}</UniqueIdentifier>
    </Filter>
    <Filter Include="FuzzyControl\exter">
      <UniqueIdentifier>{3370778e-c44b-4ba2-a97a-00fb1995c0ed}</UniqueIdentifier>
    </Filter>
    <Filter Include="FuzzyControl\exter\源文件">
      <UniqueIdentifier>{3b6bd1d9-7025-4272-9bd6-84f2c00f2a6d}</UniqueIdentifier>
    </Filter>
    <Filter Include="FuzzyControl\exter\头文件">
      <UniqueIdentifier>{055503f3-0b4a-4524-8690-8fffd880ed8a}</UniqueIdentifier>
    </Filter>
  </ItemGroup>
  <ItemGroup>
    <ClCompile Include="main.c">
      <Filter>源文件</Filter>
    </ClCompile>
    <ClCompile Include="..\..\..\src\exter\fuzzy_opera.c">
      <Filter>FuzzyControl\exter\源文件</Filter>
    </ClCompile>
    <ClCompile Include="..\..\..\src\exter\list.c">
      <Filter>FuzzyControl\exter\源文件</Filter>
    </ClCompile>
  </ItemGroup>
  <ItemGroup>
    <ClInclude Include="..\..\..\src\fc.h">
      <Filter>FuzzyControl</Filter>
    </ClInclude>
    <ClInclude Include="..\..\..\src\core\fc_core.h">
      <Filter>FuzzyControl\core\头文件</Filter>
    </ClInclude>
    <ClInclude Include="..\..\..\src\core\fc_def.h">
      <Filter>FuzzyControl\core\头文件</Filter>
    </ClInclude>
    <ClInclude Include="..\..\..\src\core\fc_error.h">
      <Filter>FuzzyControl\core\头文件</Filter>
    </ClInclude>
    <ClInclude Include="..\..\..\src\core\fc_std.h">
      <Filter>FuzzyControl\core\头文件</Filter>
    </ClInclude>
    <ClInclude Include="..\..\..\src\exter\fc_exter.h">
      <Filter>FuzzyControl\exter\头文件</Filter>
    </ClInclude>
    <ClInclude Include="..\..\..\src\exter\fuzzy_opera.h">
      <Filter>FuzzyControl\exter\头文件</Filter>
    </ClInclude>
    <ClInclude Include="..\..\..\src\exter\list.h">
      <Filter>FuzzyControl\exter\头文件</Filter>
    </ClInclude>
  </ItemGroup>
</Project>