<?xml version="1.0" encoding="utf-8"?>
<Project ToolsVersion="4.0" xmlns="http://schemas.microsoft.com/developer/msbuild/2003">
  <ItemGroup>
    <Filter Include="源文件">
      <UniqueIdentifier>{4FC737F1-C7A5-4376-A066-2A32D752A2FF}</UniqueIdentifier>
      <Extensions>cpp;c;cc;cxx;c++;cppm;ixx;def;odl;idl;hpj;bat;asm;asmx</Extensions>
    </Filter>
    <Filter Include="头文件">
      <UniqueIdentifier>{93995380-89BD-4b04-88EB-625FBE52EBFB}</UniqueIdentifier>
      <Extensions>h;hh;hpp;hxx;h++;hm;inl;inc;ipp;xsd</Extensions>
    </Filter>
    <Filter Include="资源文件">
      <UniqueIdentifier>{67DA6AB6-F800-4c08-8B7A-83BB121AAD01}</UniqueIdentifier>
      <Extensions>rc;ico;cur;bmp;dlg;rc2;rct;bin;rgs;gif;jpg;jpeg;jpe;resx;tiff;tif;png;wav;mfcribbon-ms</Extensions>
    </Filter>
    <Filter Include="exter">
      <UniqueIdentifier>{d79ddba4-3388-438f-8d0e-4617d66c246e}</UniqueIdentifier>
    </Filter>
    <Filter Include="exter\list">
      <UniqueIdentifier>{53249be8-cd92-41dc-82d6-a099e57912f5}</UniqueIdentifier>
    </Filter>
    <Filter Include="exter\list\src">
      <UniqueIdentifier>{0413aa21-b126-4cb7-8f3d-658ed92e6e3f}</UniqueIdentifier>
    </Filter>
    <Filter Include="exter\list\inc">
      <UniqueIdentifier>{039a95c5-81e4-4b22-88b4-f1398a7264c9}</UniqueIdentifier>
    </Filter>
  </ItemGroup>
  <ItemGroup>
    <ClCompile Include="main.c">
      <Filter>源文件</Filter>
    </ClCompile>
    <ClCompile Include="..\..\..\src\exter\list.c">
      <Filter>exter\list\src</Filter>
    </ClCompile>
  </ItemGroup>
  <ItemGroup>
    <ClInclude Include="..\..\..\src\exter\list.h">
      <Filter>exter\list\inc</Filter>
    </ClInclude>
  </ItemGroup>
</Project>