<?xml version="1.0" encoding="utf-8"?>
<Project ToolsVersion="4.0" xmlns="http://schemas.microsoft.com/developer/msbuild/2003">
  <ItemGroup>
    <Filter Include="源文件">
      <UniqueIdentifier>{4FC737F1-C7A5-4376-A066-2A32D752A2FF}</UniqueIdentifier>
      <Extensions>cpp;c;cc;cxx;c++;cppm;ixx;def;odl;idl;hpj;bat;asm;asmx</Extensions>
    </Filter>
    <Filter Include="头文件">
      <UniqueIdentifier>{93995380-89BD-4b04-88EB-625FBE52EBFB}</UniqueIdentifier>
      <Extensions>h;hh;hpp;hxx;h++;hm;inl;inc;ipp;xsd</Extensions>
    </Filter>
    <Filter Include="资源文件">
      <UniqueIdentifier>{67DA6AB6-F800-4c08-8B7A-83BB121AAD01}</UniqueIdentifier>
      <Extensions>rc;ico;cur;bmp;dlg;rc2;rct;bin;rgs;gif;jpg;jpeg;jpe;resx;tiff;tif;png;wav;mfcribbon-ms</Extensions>
    </Filter>
    <Filter Include="FuzzyControl">
      <UniqueIdentifier>{7ede27ff-7e0c-44f2-808d-df6e1da14cf0}</UniqueIdentifier>
    </Filter>
    <Filter Include="FuzzyControl\core">
      <UniqueIdentifier>{e1956161-bb16-459e-b31a-7b1c39b76480}</UniqueIdentifier>
    </Filter>
    <Filter Include="FuzzyControl\core\头文件">
      <UniqueIdentifier>{123b2003-8b8d-4c60-b684-8da75edcfa93}</UniqueIdentifier>
    </Filter>
    <Filter Include="FuzzyControl\core\源文件">
      <UniqueIdentifier>{2c874354-bcd1-472d-be1a-9563d83f3c3a}</UniqueIdentifier>
    </Filter>
  </ItemGroup>
  <ItemGroup>
    <ClCompile Include="main.c">
      <Filter>源文件</Filter>
    </ClCompile>
    <ClCompile Include="..\..\..\src\core\list.c">
      <Filter>FuzzyControl\core\源文件</Filter>
    </ClCompile>
  </ItemGroup>
  <ItemGroup>
    <ClInclude Include="..\..\..\src\fc.h">
      <Filter>FuzzyControl</Filter>
    </ClInclude>
    <ClInclude Include="..\..\..\src\core\fc_core.h">
      <Filter>FuzzyControl\core\头文件</Filter>
    </ClInclude>
    <ClInclude Include="..\..\..\src\core\fc_def.h">
      <Filter>FuzzyControl\core\头文件</Filter>
    </ClInclude>
    <ClInclude Include="..\..\..\src\core\fc_error.h">
      <Filter>FuzzyControl\core\头文件</Filter>
    </ClInclude>
    <ClInclude Include="..\..\..\src\core\list.h">
      <Filter>FuzzyControl\core\头文件</Filter>
    </ClInclude>
    <ClInclude Include="..\..\..\src\core\fc_std.h">
      <Filter>FuzzyControl\core\头文件</Filter>
    </ClInclude>
  </ItemGroup>
</Project>