<?xml version="1.0" encoding="utf-8"?>
<Project ToolsVersion="4.0" xmlns="http://schemas.microsoft.com/developer/msbuild/2003">
  <ItemGroup>
    <Filter Include="源文件">
      <UniqueIdentifier>{4FC737F1-C7A5-4376-A066-2A32D752A2FF}</UniqueIdentifier>
      <Extensions>cpp;c;cc;cxx;c++;cppm;ixx;def;odl;idl;hpj;bat;asm;asmx</Extensions>
    </Filter>
    <Filter Include="头文件">
      <UniqueIdentifier>{93995380-89BD-4b04-88EB-625FBE52EBFB}</UniqueIdentifier>
      <Extensions>h;hh;hpp;hxx;h++;hm;inl;inc;ipp;xsd</Extensions>
    </Filter>
    <Filter Include="资源文件">
      <UniqueIdentifier>{67DA6AB6-F800-4c08-8B7A-83BB121AAD01}</UniqueIdentifier>
      <Extensions>rc;ico;cur;bmp;dlg;rc2;rct;bin;rgs;gif;jpg;jpeg;jpe;resx;tiff;tif;png;wav;mfcribbon-ms</Extensions>
    </Filter>
    <Filter Include="FuzzyControl">
      <UniqueIdentifier>{1c4b263d-79fd-4c23-8c12-82e3cf8717dd}</UniqueIdentifier>
    </Filter>
    <Filter Include="FuzzyControl\core">
      <UniqueIdentifier>{be5d93d2-8713-4ce0-8953-1b4fef31d46d}</UniqueIdentifier>
    </Filter>
    <Filter Include="FuzzyControl\exter">
      <UniqueIdentifier>{3b5f3ad1-b10d-4f70-b675-d5b2fbaef4e3}</UniqueIdentifier>
    </Filter>
    <Filter Include="FuzzyControl\exter\源文件">
      <UniqueIdentifier>{f3df2e8f-9c4e-43ad-828d-ee020693b670}</UniqueIdentifier>
    </Filter>
    <Filter Include="FuzzyControl\exter\头文件">
      <UniqueIdentifier>{44b1e049-683b-4f29-8c4e-6b3167abec73}</UniqueIdentifier>
    </Filter>
    <Filter Include="FuzzyControl\core\源文件">
      <UniqueIdentifier>{042ce388-e8c9-4d2c-bd60-291472a1648b}</UniqueIdentifier>
    </Filter>
    <Filter Include="FuzzyControl\core\头文件">
      <UniqueIdentifier>{1749977c-4071-46ae-9051-883449b0cd0f}</UniqueIdentifier>
    </Filter>
  </ItemGroup>
  <ItemGroup>
    <ClCompile Include="main.c">
      <Filter>源文件</Filter>
    </ClCompile>
    <ClCompile Include="..\..\..\src\exter\fuzzy_opera.c">
      <Filter>FuzzyControl\exter\源文件</Filter>
    </ClCompile>
    <ClCompile Include="..\..\..\src\exter\list.c">
      <Filter>FuzzyControl\exter\源文件</Filter>
    </ClCompile>
    <ClCompile Include="..\..\..\src\core\fc_inference.c">
      <Filter>FuzzyControl\core\源文件</Filter>
    </ClCompile>
    <ClCompile Include="..\..\..\src\core\fc_interface.c">
      <Filter>FuzzyControl\core\源文件</Filter>
    </ClCompile>
    <ClCompile Include="..\..\..\src\core\fc_input.c">
      <Filter>FuzzyControl\core\源文件</Filter>
    </ClCompile>
  </ItemGroup>
  <ItemGroup>
    <ClInclude Include="..\..\..\src\fc.h">
      <Filter>FuzzyControl</Filter>
    </ClInclude>
    <ClInclude Include="..\..\..\src\exter\fc_exter.h">
      <Filter>FuzzyControl\exter\头文件</Filter>
    </ClInclude>
    <ClInclude Include="..\..\..\src\exter\fuzzy_opera.h">
      <Filter>FuzzyControl\exter\头文件</Filter>
    </ClInclude>
    <ClInclude Include="..\..\..\src\exter\list.h">
      <Filter>FuzzyControl\exter\头文件</Filter>
    </ClInclude>
    <ClInclude Include="..\..\..\src\core\fc_core.h">
      <Filter>FuzzyControl\core\头文件</Filter>
    </ClInclude>
    <ClInclude Include="..\..\..\src\core\fc_def.h">
      <Filter>FuzzyControl\core\头文件</Filter>
    </ClInclude>
    <ClInclude Include="..\..\..\src\core\fc_error.h">
      <Filter>FuzzyControl\core\头文件</Filter>
    </ClInclude>
    <ClInclude Include="..\..\..\src\core\fc_inference.h">
      <Filter>FuzzyControl\core\头文件</Filter>
    </ClInclude>
    <ClInclude Include="..\..\..\src\core\fc_interface.h">
      <Filter>FuzzyControl\core\头文件</Filter>
    </ClInclude>
    <ClInclude Include="..\..\..\src\core\fc_obj.h">
      <Filter>FuzzyControl\core\头文件</Filter>
    </ClInclude>
    <ClInclude Include="..\..\..\src\core\fc_std.h">
      <Filter>FuzzyControl\core\头文件</Filter>
    </ClInclude>
    <ClInclude Include="..\..\..\src\core\fc_input.h">
      <Filter>FuzzyControl\core\头文件</Filter>
    </ClInclude>
  </ItemGroup>
</Project>