<?xml version="1.0" encoding="utf-8"?>
<Project ToolsVersion="4.0" xmlns="http://schemas.microsoft.com/developer/msbuild/2003">
  <ItemGroup>
    <Filter Include="源文件">
      <UniqueIdentifier>{4FC737F1-C7A5-4376-A066-2A32D752A2FF}</UniqueIdentifier>
      <Extensions>cpp;c;cc;cxx;c++;cppm;ixx;def;odl;idl;hpj;bat;asm;asmx</Extensions>
    </Filter>
    <Filter Include="头文件">
      <UniqueIdentifier>{93995380-89BD-4b04-88EB-625FBE52EBFB}</UniqueIdentifier>
      <Extensions>h;hh;hpp;hxx;h++;hm;inl;inc;ipp;xsd</Extensions>
    </Filter>
    <Filter Include="资源文件">
      <UniqueIdentifier>{67DA6AB6-F800-4c08-8B7A-83BB121AAD01}</UniqueIdentifier>
      <Extensions>rc;ico;cur;bmp;dlg;rc2;rct;bin;rgs;gif;jpg;jpeg;jpe;resx;tiff;tif;png;wav;mfcribbon-ms</Extensions>
    </Filter>
    <Filter Include="FuzzyControl">
      <UniqueIdentifier>{c6e02878-4e5e-4d0a-9845-8dada3b50b17}</UniqueIdentifier>
    </Filter>
    <Filter Include="FuzzyControl\exter">
      <UniqueIdentifier>{6376c33f-e040-485f-8e4f-50a1b61d2c78}</UniqueIdentifier>
    </Filter>
    <Filter Include="FuzzyControl\core">
      <UniqueIdentifier>{8d1a5162-b2e8-4fb9-9839-09fabb094cce}</UniqueIdentifier>
    </Filter>
    <Filter Include="FuzzyControl\exter\src">
      <UniqueIdentifier>{9c12f3b2-75d0-4583-a903-1a4ba1ca44a6}</UniqueIdentifier>
    </Filter>
    <Filter Include="FuzzyControl\exter\inc">
      <UniqueIdentifier>{92f769ad-4130-4797-9e92-003b92665543}</UniqueIdentifier>
    </Filter>
    <Filter Include="FuzzyControl\core\src">
      <UniqueIdentifier>{26e49f7c-de52-495f-9145-f2d3d79f4b70}</UniqueIdentifier>
    </Filter>
    <Filter Include="FuzzyControl\core\inc">
      <UniqueIdentifier>{d2e6c4ca-a669-47c5-b385-9672565fa291}</UniqueIdentifier>
    </Filter>
    <Filter Include="FuzzyControl\config">
      <UniqueIdentifier>{c76effb3-2336-46ce-8cfb-adb4e9fb0e6d}</UniqueIdentifier>
    </Filter>
  </ItemGroup>
  <ItemGroup>
    <ClInclude Include="..\..\..\src\fc.h">
      <Filter>FuzzyControl</Filter>
    </ClInclude>
    <ClInclude Include="..\..\..\src\exter\fc_exter.h">
      <Filter>FuzzyControl\exter\inc</Filter>
    </ClInclude>
    <ClInclude Include="..\..\..\src\exter\fuzzy_opera.h">
      <Filter>FuzzyControl\exter\inc</Filter>
    </ClInclude>
    <ClInclude Include="..\..\..\src\exter\list.h">
      <Filter>FuzzyControl\exter\inc</Filter>
    </ClInclude>
    <ClInclude Include="..\..\..\src\core\fc_controler.h">
      <Filter>FuzzyControl\core\inc</Filter>
    </ClInclude>
    <ClInclude Include="..\..\..\src\core\fc_core.h">
      <Filter>FuzzyControl\core\inc</Filter>
    </ClInclude>
    <ClInclude Include="..\..\..\src\core\fc_error.h">
      <Filter>FuzzyControl\core\inc</Filter>
    </ClInclude>
    <ClInclude Include="..\..\..\src\core\fc_input.h">
      <Filter>FuzzyControl\core\inc</Filter>
    </ClInclude>
    <ClInclude Include="..\..\..\src\core\fc_output.h">
      <Filter>FuzzyControl\core\inc</Filter>
    </ClInclude>
    <ClInclude Include="..\..\..\src\core\fc_rules.h">
      <Filter>FuzzyControl\core\inc</Filter>
    </ClInclude>
    <ClInclude Include="..\..\..\src\config\fc_config.h">
      <Filter>FuzzyControl\config</Filter>
    </ClInclude>
  </ItemGroup>
  <ItemGroup>
    <ClCompile Include="..\..\..\src\exter\fuzzy_opera.c">
      <Filter>FuzzyControl\exter\src</Filter>
    </ClCompile>
    <ClCompile Include="..\..\..\src\exter\list.c">
      <Filter>FuzzyControl\exter\src</Filter>
    </ClCompile>
    <ClCompile Include="..\..\..\src\core\fc_controler.c">
      <Filter>FuzzyControl\core\src</Filter>
    </ClCompile>
    <ClCompile Include="..\..\..\src\core\fc_core.c">
      <Filter>FuzzyControl\core\src</Filter>
    </ClCompile>
    <ClCompile Include="..\..\..\src\core\fc_input.c">
      <Filter>FuzzyControl\core\src</Filter>
    </ClCompile>
    <ClCompile Include="..\..\..\src\core\fc_output.c">
      <Filter>FuzzyControl\core\src</Filter>
    </ClCompile>
    <ClCompile Include="..\..\..\src\core\fc_rules.c">
      <Filter>FuzzyControl\core\src</Filter>
    </ClCompile>
    <ClCompile Include="main.c">
      <Filter>源文件</Filter>
    </ClCompile>
  </ItemGroup>
</Project>