<?xml version="1.0" encoding="utf-8"?>
<Project ToolsVersion="4.0" xmlns="http://schemas.microsoft.com/developer/msbuild/2003">
  <ItemGroup>
    <Filter Include="源文件">
      <UniqueIdentifier>{4FC737F1-C7A5-4376-A066-2A32D752A2FF}</UniqueIdentifier>
      <Extensions>cpp;c;cc;cxx;c++;cppm;ixx;def;odl;idl;hpj;bat;asm;asmx</Extensions>
    </Filter>
    <Filter Include="头文件">
      <UniqueIdentifier>{93995380-89BD-4b04-88EB-625FBE52EBFB}</UniqueIdentifier>
      <Extensions>h;hh;hpp;hxx;h++;hm;inl;inc;ipp;xsd</Extensions>
    </Filter>
    <Filter Include="资源文件">
      <UniqueIdentifier>{67DA6AB6-F800-4c08-8B7A-83BB121AAD01}</UniqueIdentifier>
      <Extensions>rc;ico;cur;bmp;dlg;rc2;rct;bin;rgs;gif;jpg;jpeg;jpe;resx;tiff;tif;png;wav;mfcribbon-ms</Extensions>
    </Filter>
    <Filter Include="FuzzyControl">
      <UniqueIdentifier>{8037a9e2-0a8e-49e8-91e7-d449a8784f5c}</UniqueIdentifier>
    </Filter>
    <Filter Include="FuzzyControl\exter">
      <UniqueIdentifier>{db6a4927-bdbe-413d-8535-f053af50ba58}</UniqueIdentifier>
    </Filter>
    <Filter Include="FuzzyControl\core">
      <UniqueIdentifier>{3ab6a994-4cf4-42b8-b812-c1fd8caafadf}</UniqueIdentifier>
    </Filter>
    <Filter Include="FuzzyControl\core\Inc">
      <UniqueIdentifier>{4b9ee4b4-31df-4863-abc4-48b609f0f7e2}</UniqueIdentifier>
    </Filter>
    <Filter Include="FuzzyControl\exter\Inc">
      <UniqueIdentifier>{b87dfdf0-95db-4940-811b-5562a6c1fd5a}</UniqueIdentifier>
    </Filter>
  </ItemGroup>
  <ItemGroup>
    <ClCompile Include="main.c">
      <Filter>源文件</Filter>
    </ClCompile>
    <ClCompile Include="..\..\..\src\exter\fuzzy_opera.c">
      <Filter>FuzzyControl\exter</Filter>
    </ClCompile>
    <ClCompile Include="..\..\..\src\exter\list.c">
      <Filter>FuzzyControl\exter</Filter>
    </ClCompile>
    <ClCompile Include="..\..\..\src\core\fc_controler.c">
      <Filter>FuzzyControl\core</Filter>
    </ClCompile>
    <ClCompile Include="..\..\..\src\core\fc_input.c">
      <Filter>FuzzyControl\core</Filter>
    </ClCompile>
    <ClCompile Include="..\..\..\src\core\fc_output.c">
      <Filter>FuzzyControl\core</Filter>
    </ClCompile>
    <ClCompile Include="..\..\..\src\core\fc_rules.c">
      <Filter>FuzzyControl\core</Filter>
    </ClCompile>
  </ItemGroup>
  <ItemGroup>
    <ClInclude Include="..\..\..\src\fc.h">
      <Filter>FuzzyControl</Filter>
    </ClInclude>
    <ClInclude Include="..\..\..\src\exter\fc_exter.h">
      <Filter>FuzzyControl\exter\Inc</Filter>
    </ClInclude>
    <ClInclude Include="..\..\..\src\exter\fuzzy_opera.h">
      <Filter>FuzzyControl\exter\Inc</Filter>
    </ClInclude>
    <ClInclude Include="..\..\..\src\exter\list.h">
      <Filter>FuzzyControl\exter\Inc</Filter>
    </ClInclude>
    <ClInclude Include="..\..\..\src\core\fc_controler.h">
      <Filter>FuzzyControl\core\Inc</Filter>
    </ClInclude>
    <ClInclude Include="..\..\..\src\core\fc_core.h">
      <Filter>FuzzyControl\core\Inc</Filter>
    </ClInclude>
    <ClInclude Include="..\..\..\src\core\fc_def.h">
      <Filter>FuzzyControl\core\Inc</Filter>
    </ClInclude>
    <ClInclude Include="..\..\..\src\core\fc_error.h">
      <Filter>FuzzyControl\core\Inc</Filter>
    </ClInclude>
    <ClInclude Include="..\..\..\src\core\fc_input.h">
      <Filter>FuzzyControl\core\Inc</Filter>
    </ClInclude>
    <ClInclude Include="..\..\..\src\core\fc_output.h">
      <Filter>FuzzyControl\core\Inc</Filter>
    </ClInclude>
    <ClInclude Include="..\..\..\src\core\fc_rules.h">
      <Filter>FuzzyControl\core\Inc</Filter>
    </ClInclude>
    <ClInclude Include="..\..\..\src\core\fc_std.h">
      <Filter>FuzzyControl\core\Inc</Filter>
    </ClInclude>
  </ItemGroup>
</Project>