<?xml version="1.0" encoding="utf-8"?>
<Project ToolsVersion="4.0" xmlns="http://schemas.microsoft.com/developer/msbuild/2003">
  <ItemGroup>
    <Filter Include="源文件">
      <UniqueIdentifier>{4FC737F1-C7A5-4376-A066-2A32D752A2FF}</UniqueIdentifier>
      <Extensions>cpp;c;cc;cxx;c++;cppm;ixx;def;odl;idl;hpj;bat;asm;asmx</Extensions>
    </Filter>
    <Filter Include="头文件">
      <UniqueIdentifier>{93995380-89BD-4b04-88EB-625FBE52EBFB}</UniqueIdentifier>
      <Extensions>h;hh;hpp;hxx;h++;hm;inl;inc;ipp;xsd</Extensions>
    </Filter>
    <Filter Include="资源文件">
      <UniqueIdentifier>{67DA6AB6-F800-4c08-8B7A-83BB121AAD01}</UniqueIdentifier>
      <Extensions>rc;ico;cur;bmp;dlg;rc2;rct;bin;rgs;gif;jpg;jpeg;jpe;resx;tiff;tif;png;wav;mfcribbon-ms</Extensions>
    </Filter>
    <Filter Include="FuzzyControl">
      <UniqueIdentifier>{e85b8eb1-b0bb-40fe-80cb-0e7117fde9a0}</UniqueIdentifier>
    </Filter>
    <Filter Include="FuzzyControl\core">
      <UniqueIdentifier>{4eea2225-8277-4f10-b4d2-ef4f3ce65508}</UniqueIdentifier>
    </Filter>
    <Filter Include="FuzzyControl\core\源文件">
      <UniqueIdentifier>{086c6718-db9b-486b-9876-df88eac67f8f}</UniqueIdentifier>
    </Filter>
    <Filter Include="FuzzyControl\core\头文件">
      <UniqueIdentifier>{14175104-6bd9-4448-9def-93d2f27dfd28}</UniqueIdentifier>
    </Filter>
    <Filter Include="FuzzyControl\exter">
      <UniqueIdentifier>{088679ed-a398-4bd0-b94b-b2ef69ce78c5}</UniqueIdentifier>
    </Filter>
    <Filter Include="FuzzyControl\exter\源文件">
      <UniqueIdentifier>{6c31e956-1fc0-4bf2-bdc7-f7103c959c3c}</UniqueIdentifier>
    </Filter>
    <Filter Include="FuzzyControl\exter\头文件">
      <UniqueIdentifier>{6b5ea6c6-daf2-4235-a16a-7dbce47f6281}</UniqueIdentifier>
    </Filter>
  </ItemGroup>
  <ItemGroup>
    <ClCompile Include="main.c">
      <Filter>源文件</Filter>
    </ClCompile>
    <ClCompile Include="..\..\..\src\core\fc_input.c">
      <Filter>FuzzyControl\core\源文件</Filter>
    </ClCompile>
    <ClCompile Include="..\..\..\src\core\fc_output.c">
      <Filter>FuzzyControl\core\源文件</Filter>
    </ClCompile>
    <ClCompile Include="..\..\..\src\exter\fuzzy_opera.c">
      <Filter>FuzzyControl\exter\源文件</Filter>
    </ClCompile>
    <ClCompile Include="..\..\..\src\exter\list.c">
      <Filter>FuzzyControl\exter\源文件</Filter>
    </ClCompile>
  </ItemGroup>
  <ItemGroup>
    <ClInclude Include="..\..\..\src\fc.h">
      <Filter>FuzzyControl</Filter>
    </ClInclude>
    <ClInclude Include="..\..\..\src\core\fc_core.h">
      <Filter>FuzzyControl\core\头文件</Filter>
    </ClInclude>
    <ClInclude Include="..\..\..\src\core\fc_def.h">
      <Filter>FuzzyControl\core\头文件</Filter>
    </ClInclude>
    <ClInclude Include="..\..\..\src\core\fc_error.h">
      <Filter>FuzzyControl\core\头文件</Filter>
    </ClInclude>
    <ClInclude Include="..\..\..\src\core\fc_input.h">
      <Filter>FuzzyControl\core\头文件</Filter>
    </ClInclude>
    <ClInclude Include="..\..\..\src\core\fc_obj.h">
      <Filter>FuzzyControl\core\头文件</Filter>
    </ClInclude>
    <ClInclude Include="..\..\..\src\core\fc_output.h">
      <Filter>FuzzyControl\core\头文件</Filter>
    </ClInclude>
    <ClInclude Include="..\..\..\src\core\fc_std.h">
      <Filter>FuzzyControl\core\头文件</Filter>
    </ClInclude>
    <ClInclude Include="..\..\..\src\exter\fc_exter.h">
      <Filter>FuzzyControl\exter\头文件</Filter>
    </ClInclude>
    <ClInclude Include="..\..\..\src\exter\fuzzy_opera.h">
      <Filter>FuzzyControl\exter\头文件</Filter>
    </ClInclude>
    <ClInclude Include="..\..\..\src\exter\list.h">
      <Filter>FuzzyControl\exter\头文件</Filter>
    </ClInclude>
  </ItemGroup>
</Project>